# THIS IS AN AUTOGENERATED FILE. DO NOT EDIT THIS FILE DIRECTLY.
# yarn lockfile v1


"@tweenjs/tween.js@^21.0.0":
  version "21.0.0"
  resolved "https://registry.npmmirror.com/@tweenjs/tween.js/-/tween.js-21.0.0.tgz#73f993c2d1de37b78b4c1246163e20bc6ae3b75e"
  integrity sha512-qVfOiFh0U8ZSkLgA6tf7kj2MciqRbSCWaJZRwftVO7UbtVDNsZAXpWXqvCDtIefvjC83UJB+vHTDOGm5ibXjEA==
